
Microsoft Visual Studio Solution File, Format Version 10.00
# Visual Studio 2008
Project("{FAE04EC0-301F-11D3-BF4B-00C04F79EFBC}") = "TemplateManager", "TemplateManager\TemplateManager.csproj", "{013D96FE-CBB0-4D28-AF0B-F73652843409}"
EndProject
Project("{2150E333-8FDC-42A3-9474-1A3956D46DE8}") = "Solution Items", "Solution Items", "{E1FF6121-5FAB-4226-9F69-0AD94E478DFE}"
	ProjectSection(SolutionItems) = preProject
		LocalTestRun.testrunconfig = LocalTestRun.testrunconfig
		TemplateManager.vsmdi = TemplateManager.vsmdi
	EndProjectSection
EndProject
Project("{FAE04EC0-301F-11D3-BF4B-00C04F79EFBC}") = "TemplateManager.Tests", "TemplateManager.Tests\TemplateManager.Tests.csproj", "{E362FD63-FFCB-41AC-8305-F442C7DAB711}"
EndProject
Project("{FAE04EC0-301F-11D3-BF4B-00C04F79EFBC}") = "TemplateManager.Modules.Services", "TemplateManager.Modules.Services\TemplateManager.Modules.Services.csproj", "{85A88912-18FD-4516-A1B9-F4FA1F7A97EC}"
EndProject
Project("{FAE04EC0-301F-11D3-BF4B-00C04F79EFBC}") = "TemplateManager.Infrastructure", "TemplateManager.Infrastructure\TemplateManager.Infrastructure.csproj", "{67BC7C95-AB1E-422D-9AD4-E34CA77460A9}"
EndProject
Project("{FAE04EC0-301F-11D3-BF4B-00C04F79EFBC}") = "TemplateManager.Common", "TemplateManager.Common\TemplateManager.Common.csproj", "{5D573659-1A65-4112-9EED-1BF70DB94F22}"
EndProject
Project("{FAE04EC0-301F-11D3-BF4B-00C04F79EFBC}") = "TemplateManager.Modules.SkillsView", "TemplateManager.Modules.SkillsView\TemplateManager.Modules.SkillsView.csproj", "{EACC47B1-C3C2-442E-9F4D-1E65C34F8D9A}"
EndProject
Project("{2150E333-8FDC-42A3-9474-1A3956D46DE8}") = "Tests", "Tests", "{94D4F0FC-0027-4294-9680-E44C11E24338}"
EndProject
Project("{2150E333-8FDC-42A3-9474-1A3956D46DE8}") = "Modules", "Modules", "{2459D0E8-C6AE-4D62-A992-C026F319E386}"
EndProject
Project("{54435603-DBB4-11D2-8724-00A0C9A8B90C}") = "Setup", "Setup\Setup.vdproj", "{BDDD5FB5-3D0F-468B-A5BD-47593C042131}"
EndProject
Project("{FAE04EC0-301F-11D3-BF4B-00C04F79EFBC}") = "TemplateManager.Common.Tests", "TemplateManager.Common.Tests\TemplateManager.Common.Tests.csproj", "{FDBE0B70-9EF1-4C3F-BDB8-21A8BC85E198}"
EndProject
Project("{FAE04EC0-301F-11D3-BF4B-00C04F79EFBC}") = "TemplateManager.DataFetcher", "TemplateManager.DataFetcher\TemplateManager.DataFetcher.csproj", "{139D755B-84F3-447B-AD13-3D4E94F05BB2}"
EndProject
Project("{FAE04EC0-301F-11D3-BF4B-00C04F79EFBC}") = "TemplateManager.DataFetcher.Tests", "TemplateManager.DataFetcher.Tests\TemplateManager.DataFetcher.Tests.csproj", "{30F39243-1007-4C09-B3F6-F54D093853C3}"
EndProject
Project("{FAE04EC0-301F-11D3-BF4B-00C04F79EFBC}") = "TemplateManager.Data.GuildWars", "TemplateManager.Data.GuildWars\TemplateManager.Data.GuildWars.csproj", "{F8BF79D8-5153-4FAC-B229-461F905FA18E}"
EndProject
Project("{FAE04EC0-301F-11D3-BF4B-00C04F79EFBC}") = "TemplateManager.Modules.DataExplorer", "TemplateManager.Modules.DataExplorer\TemplateManager.Modules.DataExplorer.csproj", "{0F2301AE-648A-4F3F-A06B-06BA4529A725}"
EndProject
Project("{FAE04EC0-301F-11D3-BF4B-00C04F79EFBC}") = "TemplateManager.Modules.Workspace", "TemplateManager.Modules.Workspace\TemplateManager.Modules.Workspace.csproj", "{8EF40DE2-F35F-4037-9676-9469A8500ACC}"
EndProject
Project("{FAE04EC0-301F-11D3-BF4B-00C04F79EFBC}") = "TemplateManager.Modules.Updates", "TemplateManager.Modules.Updates\TemplateManager.Modules.Updates.csproj", "{9DB5FE85-A4A9-4113-ADC2-E759BAC69D88}"
EndProject
Project("{FAE04EC0-301F-11D3-BF4B-00C04F79EFBC}") = "TemplateParser", "TemplateParser\TemplateParser.csproj", "{CDDBA2FA-9389-40FC-8FB5-E6635C95EB24}"
EndProject
Project("{FAE04EC0-301F-11D3-BF4B-00C04F79EFBC}") = "TemplateParser.Tests", "TemplateParser.Tests\TemplateParser.Tests.csproj", "{50FE85D1-A2E6-48F4-A3E3-40E6AA29CC7A}"
EndProject
Global
	GlobalSection(TestCaseManagementSettings) = postSolution
		CategoryFile = TemplateManager.vsmdi
	EndGlobalSection
	GlobalSection(SolutionConfigurationPlatforms) = preSolution
		Debug|Any CPU = Debug|Any CPU
		Release with Code Analysis|Any CPU = Release with Code Analysis|Any CPU
		Release|Any CPU = Release|Any CPU
	EndGlobalSection
	GlobalSection(ProjectConfigurationPlatforms) = postSolution
		{013D96FE-CBB0-4D28-AF0B-F73652843409}.Debug|Any CPU.ActiveCfg = Debug|Any CPU
		{013D96FE-CBB0-4D28-AF0B-F73652843409}.Debug|Any CPU.Build.0 = Debug|Any CPU
		{013D96FE-CBB0-4D28-AF0B-F73652843409}.Release with Code Analysis|Any CPU.ActiveCfg = Release with Code Analysis|Any CPU
		{013D96FE-CBB0-4D28-AF0B-F73652843409}.Release with Code Analysis|Any CPU.Build.0 = Release with Code Analysis|Any CPU
		{013D96FE-CBB0-4D28-AF0B-F73652843409}.Release|Any CPU.ActiveCfg = Release|Any CPU
		{013D96FE-CBB0-4D28-AF0B-F73652843409}.Release|Any CPU.Build.0 = Release|Any CPU
		{E362FD63-FFCB-41AC-8305-F442C7DAB711}.Debug|Any CPU.ActiveCfg = Debug|Any CPU
		{E362FD63-FFCB-41AC-8305-F442C7DAB711}.Debug|Any CPU.Build.0 = Debug|Any CPU
		{E362FD63-FFCB-41AC-8305-F442C7DAB711}.Release with Code Analysis|Any CPU.ActiveCfg = Release|Any CPU
		{E362FD63-FFCB-41AC-8305-F442C7DAB711}.Release with Code Analysis|Any CPU.Build.0 = Release|Any CPU
		{E362FD63-FFCB-41AC-8305-F442C7DAB711}.Release|Any CPU.ActiveCfg = Release|Any CPU
		{E362FD63-FFCB-41AC-8305-F442C7DAB711}.Release|Any CPU.Build.0 = Release|Any CPU
		{85A88912-18FD-4516-A1B9-F4FA1F7A97EC}.Debug|Any CPU.ActiveCfg = Debug|Any CPU
		{85A88912-18FD-4516-A1B9-F4FA1F7A97EC}.Debug|Any CPU.Build.0 = Debug|Any CPU
		{85A88912-18FD-4516-A1B9-F4FA1F7A97EC}.Release with Code Analysis|Any CPU.ActiveCfg = Release with Code Analysis|Any CPU
		{85A88912-18FD-4516-A1B9-F4FA1F7A97EC}.Release with Code Analysis|Any CPU.Build.0 = Release with Code Analysis|Any CPU
		{85A88912-18FD-4516-A1B9-F4FA1F7A97EC}.Release|Any CPU.ActiveCfg = Release|Any CPU
		{85A88912-18FD-4516-A1B9-F4FA1F7A97EC}.Release|Any CPU.Build.0 = Release|Any CPU
		{67BC7C95-AB1E-422D-9AD4-E34CA77460A9}.Debug|Any CPU.ActiveCfg = Debug|Any CPU
		{67BC7C95-AB1E-422D-9AD4-E34CA77460A9}.Debug|Any CPU.Build.0 = Debug|Any CPU
		{67BC7C95-AB1E-422D-9AD4-E34CA77460A9}.Release with Code Analysis|Any CPU.ActiveCfg = Release with Code Analysis|Any CPU
		{67BC7C95-AB1E-422D-9AD4-E34CA77460A9}.Release with Code Analysis|Any CPU.Build.0 = Release with Code Analysis|Any CPU
		{67BC7C95-AB1E-422D-9AD4-E34CA77460A9}.Release|Any CPU.ActiveCfg = Release|Any CPU
		{67BC7C95-AB1E-422D-9AD4-E34CA77460A9}.Release|Any CPU.Build.0 = Release|Any CPU
		{5D573659-1A65-4112-9EED-1BF70DB94F22}.Debug|Any CPU.ActiveCfg = Debug|Any CPU
		{5D573659-1A65-4112-9EED-1BF70DB94F22}.Debug|Any CPU.Build.0 = Debug|Any CPU
		{5D573659-1A65-4112-9EED-1BF70DB94F22}.Release with Code Analysis|Any CPU.ActiveCfg = Release with Code Analysis|Any CPU
		{5D573659-1A65-4112-9EED-1BF70DB94F22}.Release with Code Analysis|Any CPU.Build.0 = Release with Code Analysis|Any CPU
		{5D573659-1A65-4112-9EED-1BF70DB94F22}.Release|Any CPU.ActiveCfg = Release|Any CPU
		{5D573659-1A65-4112-9EED-1BF70DB94F22}.Release|Any CPU.Build.0 = Release|Any CPU
		{EACC47B1-C3C2-442E-9F4D-1E65C34F8D9A}.Debug|Any CPU.ActiveCfg = Debug|Any CPU
		{EACC47B1-C3C2-442E-9F4D-1E65C34F8D9A}.Debug|Any CPU.Build.0 = Debug|Any CPU
		{EACC47B1-C3C2-442E-9F4D-1E65C34F8D9A}.Release with Code Analysis|Any CPU.ActiveCfg = Release with Code Analysis|Any CPU
		{EACC47B1-C3C2-442E-9F4D-1E65C34F8D9A}.Release with Code Analysis|Any CPU.Build.0 = Release with Code Analysis|Any CPU
		{EACC47B1-C3C2-442E-9F4D-1E65C34F8D9A}.Release|Any CPU.ActiveCfg = Release|Any CPU
		{EACC47B1-C3C2-442E-9F4D-1E65C34F8D9A}.Release|Any CPU.Build.0 = Release|Any CPU
		{BDDD5FB5-3D0F-468B-A5BD-47593C042131}.Debug|Any CPU.ActiveCfg = Debug
		{BDDD5FB5-3D0F-468B-A5BD-47593C042131}.Release with Code Analysis|Any CPU.ActiveCfg = Release
		{BDDD5FB5-3D0F-468B-A5BD-47593C042131}.Release|Any CPU.ActiveCfg = Release
		{FDBE0B70-9EF1-4C3F-BDB8-21A8BC85E198}.Debug|Any CPU.ActiveCfg = Debug|Any CPU
		{FDBE0B70-9EF1-4C3F-BDB8-21A8BC85E198}.Debug|Any CPU.Build.0 = Debug|Any CPU
		{FDBE0B70-9EF1-4C3F-BDB8-21A8BC85E198}.Release with Code Analysis|Any CPU.ActiveCfg = Release|Any CPU
		{FDBE0B70-9EF1-4C3F-BDB8-21A8BC85E198}.Release with Code Analysis|Any CPU.Build.0 = Release|Any CPU
		{FDBE0B70-9EF1-4C3F-BDB8-21A8BC85E198}.Release|Any CPU.ActiveCfg = Release|Any CPU
		{FDBE0B70-9EF1-4C3F-BDB8-21A8BC85E198}.Release|Any CPU.Build.0 = Release|Any CPU
		{139D755B-84F3-447B-AD13-3D4E94F05BB2}.Debug|Any CPU.ActiveCfg = Debug|Any CPU
		{139D755B-84F3-447B-AD13-3D4E94F05BB2}.Debug|Any CPU.Build.0 = Debug|Any CPU
		{139D755B-84F3-447B-AD13-3D4E94F05BB2}.Release with Code Analysis|Any CPU.ActiveCfg = Release|Any CPU
		{139D755B-84F3-447B-AD13-3D4E94F05BB2}.Release with Code Analysis|Any CPU.Build.0 = Release|Any CPU
		{139D755B-84F3-447B-AD13-3D4E94F05BB2}.Release|Any CPU.ActiveCfg = Release|Any CPU
		{139D755B-84F3-447B-AD13-3D4E94F05BB2}.Release|Any CPU.Build.0 = Release|Any CPU
		{30F39243-1007-4C09-B3F6-F54D093853C3}.Debug|Any CPU.ActiveCfg = Debug|Any CPU
		{30F39243-1007-4C09-B3F6-F54D093853C3}.Debug|Any CPU.Build.0 = Debug|Any CPU
		{30F39243-1007-4C09-B3F6-F54D093853C3}.Release with Code Analysis|Any CPU.ActiveCfg = Release|Any CPU
		{30F39243-1007-4C09-B3F6-F54D093853C3}.Release with Code Analysis|Any CPU.Build.0 = Release|Any CPU
		{30F39243-1007-4C09-B3F6-F54D093853C3}.Release|Any CPU.ActiveCfg = Release|Any CPU
		{30F39243-1007-4C09-B3F6-F54D093853C3}.Release|Any CPU.Build.0 = Release|Any CPU
		{F8BF79D8-5153-4FAC-B229-461F905FA18E}.Debug|Any CPU.ActiveCfg = Debug|Any CPU
		{F8BF79D8-5153-4FAC-B229-461F905FA18E}.Debug|Any CPU.Build.0 = Debug|Any CPU
		{F8BF79D8-5153-4FAC-B229-461F905FA18E}.Release with Code Analysis|Any CPU.ActiveCfg = Release|Any CPU
		{F8BF79D8-5153-4FAC-B229-461F905FA18E}.Release with Code Analysis|Any CPU.Build.0 = Release|Any CPU
		{F8BF79D8-5153-4FAC-B229-461F905FA18E}.Release|Any CPU.ActiveCfg = Release|Any CPU
		{F8BF79D8-5153-4FAC-B229-461F905FA18E}.Release|Any CPU.Build.0 = Release|Any CPU
		{0F2301AE-648A-4F3F-A06B-06BA4529A725}.Debug|Any CPU.ActiveCfg = Debug|Any CPU
		{0F2301AE-648A-4F3F-A06B-06BA4529A725}.Debug|Any CPU.Build.0 = Debug|Any CPU
		{0F2301AE-648A-4F3F-A06B-06BA4529A725}.Release with Code Analysis|Any CPU.ActiveCfg = Release|Any CPU
		{0F2301AE-648A-4F3F-A06B-06BA4529A725}.Release with Code Analysis|Any CPU.Build.0 = Release|Any CPU
		{0F2301AE-648A-4F3F-A06B-06BA4529A725}.Release|Any CPU.ActiveCfg = Release|Any CPU
		{0F2301AE-648A-4F3F-A06B-06BA4529A725}.Release|Any CPU.Build.0 = Release|Any CPU
		{8EF40DE2-F35F-4037-9676-9469A8500ACC}.Debug|Any CPU.ActiveCfg = Debug|Any CPU
		{8EF40DE2-F35F-4037-9676-9469A8500ACC}.Debug|Any CPU.Build.0 = Debug|Any CPU
		{8EF40DE2-F35F-4037-9676-9469A8500ACC}.Release with Code Analysis|Any CPU.ActiveCfg = Release|Any CPU
		{8EF40DE2-F35F-4037-9676-9469A8500ACC}.Release with Code Analysis|Any CPU.Build.0 = Release|Any CPU
		{8EF40DE2-F35F-4037-9676-9469A8500ACC}.Release|Any CPU.ActiveCfg = Release|Any CPU
		{8EF40DE2-F35F-4037-9676-9469A8500ACC}.Release|Any CPU.Build.0 = Release|Any CPU
		{9DB5FE85-A4A9-4113-ADC2-E759BAC69D88}.Debug|Any CPU.ActiveCfg = Debug|Any CPU
		{9DB5FE85-A4A9-4113-ADC2-E759BAC69D88}.Debug|Any CPU.Build.0 = Debug|Any CPU
		{9DB5FE85-A4A9-4113-ADC2-E759BAC69D88}.Release with Code Analysis|Any CPU.ActiveCfg = Release|Any CPU
		{9DB5FE85-A4A9-4113-ADC2-E759BAC69D88}.Release with Code Analysis|Any CPU.Build.0 = Release|Any CPU
		{9DB5FE85-A4A9-4113-ADC2-E759BAC69D88}.Release|Any CPU.ActiveCfg = Release|Any CPU
		{9DB5FE85-A4A9-4113-ADC2-E759BAC69D88}.Release|Any CPU.Build.0 = Release|Any CPU
		{CDDBA2FA-9389-40FC-8FB5-E6635C95EB24}.Debug|Any CPU.ActiveCfg = Debug|Any CPU
		{CDDBA2FA-9389-40FC-8FB5-E6635C95EB24}.Debug|Any CPU.Build.0 = Debug|Any CPU
		{CDDBA2FA-9389-40FC-8FB5-E6635C95EB24}.Release with Code Analysis|Any CPU.ActiveCfg = Release with Code Analysis|Any CPU
		{CDDBA2FA-9389-40FC-8FB5-E6635C95EB24}.Release with Code Analysis|Any CPU.Build.0 = Release with Code Analysis|Any CPU
		{CDDBA2FA-9389-40FC-8FB5-E6635C95EB24}.Release|Any CPU.ActiveCfg = Release|Any CPU
		{CDDBA2FA-9389-40FC-8FB5-E6635C95EB24}.Release|Any CPU.Build.0 = Release|Any CPU
		{50FE85D1-A2E6-48F4-A3E3-40E6AA29CC7A}.Debug|Any CPU.ActiveCfg = Debug|Any CPU
		{50FE85D1-A2E6-48F4-A3E3-40E6AA29CC7A}.Debug|Any CPU.Build.0 = Debug|Any CPU
		{50FE85D1-A2E6-48F4-A3E3-40E6AA29CC7A}.Release with Code Analysis|Any CPU.ActiveCfg = Release|Any CPU
		{50FE85D1-A2E6-48F4-A3E3-40E6AA29CC7A}.Release with Code Analysis|Any CPU.Build.0 = Release|Any CPU
		{50FE85D1-A2E6-48F4-A3E3-40E6AA29CC7A}.Release|Any CPU.ActiveCfg = Release|Any CPU
		{50FE85D1-A2E6-48F4-A3E3-40E6AA29CC7A}.Release|Any CPU.Build.0 = Release|Any CPU
	EndGlobalSection
	GlobalSection(SolutionProperties) = preSolution
		HideSolutionNode = FALSE
	EndGlobalSection
	GlobalSection(NestedProjects) = preSolution
		{E362FD63-FFCB-41AC-8305-F442C7DAB711} = {94D4F0FC-0027-4294-9680-E44C11E24338}
		{FDBE0B70-9EF1-4C3F-BDB8-21A8BC85E198} = {94D4F0FC-0027-4294-9680-E44C11E24338}
		{30F39243-1007-4C09-B3F6-F54D093853C3} = {94D4F0FC-0027-4294-9680-E44C11E24338}
		{50FE85D1-A2E6-48F4-A3E3-40E6AA29CC7A} = {94D4F0FC-0027-4294-9680-E44C11E24338}
		{EACC47B1-C3C2-442E-9F4D-1E65C34F8D9A} = {2459D0E8-C6AE-4D62-A992-C026F319E386}
		{85A88912-18FD-4516-A1B9-F4FA1F7A97EC} = {2459D0E8-C6AE-4D62-A992-C026F319E386}
		{0F2301AE-648A-4F3F-A06B-06BA4529A725} = {2459D0E8-C6AE-4D62-A992-C026F319E386}
		{8EF40DE2-F35F-4037-9676-9469A8500ACC} = {2459D0E8-C6AE-4D62-A992-C026F319E386}
		{9DB5FE85-A4A9-4113-ADC2-E759BAC69D88} = {2459D0E8-C6AE-4D62-A992-C026F319E386}
	EndGlobalSection
EndGlobal
